
Microsoft Visual Studio Solution File, Format Version 12.00
# Visual Studio Version 17
VisualStudioVersion = 17.0.31903.59
MinimumVisualStudioVersion = 10.0.40219.1
Project("{2150E333-8FDC-42A3-9474-1A3956D46DE8}") = "src", "src", "{08C74B59-8FA6-4E67-8142-B00229831B64}"
EndProject
Project("{FAE04EC0-301F-11D3-BF4B-00C04F79EFBC}") = "DDDTemplate.Domain", "src\domain\DDDTemplate.Domain.csproj", "{9ADB8843-2E9A-42C4-A115-9D1DAA9269EE}"
EndProject
Project("{FAE04EC0-301F-11D3-BF4B-00C04F79EFBC}") = "DDDTemplate.Application", "src\application\DDDTemplate.Application.csproj", "{FD3869C7-E5E6-4795-8914-8AD85426072E}"
EndProject
Project("{FAE04EC0-301F-11D3-BF4B-00C04F79EFBC}") = "DDDTemplate.API", "src\api\DDDTemplate.API.csproj", "{3F35C011-D427-4E5C-9DE3-3A468EC490A0}"
EndProject
Project("{2150E333-8FDC-42A3-9474-1A3956D46DE8}") = "infrastructure", "infrastructure", "{8A6DB037-B157-4100-A011-A719ED0BACB9}"
EndProject
Project("{FAE04EC0-301F-11D3-BF4B-00C04F79EFBC}") = "DDDTemplate.Infrastructure.Persitance", "src\infrastructure\persitance\DDDTemplate.Infrastructure.Persitance.csproj", "{C30126A9-3262-4FF5-9136-8335FDDB3D9D}"
EndProject
Project("{2150E333-8FDC-42A3-9474-1A3956D46DE8}") = "tests", "tests", "{1C5A7B8D-874B-4CE1-8330-2BDDCB4026E3}"
EndProject
Project("{FAE04EC0-301F-11D3-BF4B-00C04F79EFBC}") = "DDDTemplate.UnitTests", "tests\unittest\DDDTemplate.UnitTests.csproj", "{C0B5A411-E910-425E-B72A-A07FF6D990E8}"
EndProject
Project("{FAE04EC0-301F-11D3-BF4B-00C04F79EFBC}") = "DDDTemplate.IntegrationTests", "tests\integration\DDDTemplate.IntegrationTests.csproj", "{6E3F565A-7DB8-4A5E-8339-451E24195D12}"
EndProject
Global
	GlobalSection(SolutionConfigurationPlatforms) = preSolution
		Debug|Any CPU = Debug|Any CPU
		Release|Any CPU = Release|Any CPU
	EndGlobalSection
	GlobalSection(SolutionProperties) = preSolution
		HideSolutionNode = FALSE
	EndGlobalSection
	GlobalSection(ProjectConfigurationPlatforms) = postSolution
		{9ADB8843-2E9A-42C4-A115-9D1DAA9269EE}.Debug|Any CPU.ActiveCfg = Debug|Any CPU
		{9ADB8843-2E9A-42C4-A115-9D1DAA9269EE}.Debug|Any CPU.Build.0 = Debug|Any CPU
		{9ADB8843-2E9A-42C4-A115-9D1DAA9269EE}.Release|Any CPU.ActiveCfg = Release|Any CPU
		{9ADB8843-2E9A-42C4-A115-9D1DAA9269EE}.Release|Any CPU.Build.0 = Release|Any CPU
		{FD3869C7-E5E6-4795-8914-8AD85426072E}.Debug|Any CPU.ActiveCfg = Debug|Any CPU
		{FD3869C7-E5E6-4795-8914-8AD85426072E}.Debug|Any CPU.Build.0 = Debug|Any CPU
		{FD3869C7-E5E6-4795-8914-8AD85426072E}.Release|Any CPU.ActiveCfg = Release|Any CPU
		{FD3869C7-E5E6-4795-8914-8AD85426072E}.Release|Any CPU.Build.0 = Release|Any CPU
		{3F35C011-D427-4E5C-9DE3-3A468EC490A0}.Debug|Any CPU.ActiveCfg = Debug|Any CPU
		{3F35C011-D427-4E5C-9DE3-3A468EC490A0}.Debug|Any CPU.Build.0 = Debug|Any CPU
		{3F35C011-D427-4E5C-9DE3-3A468EC490A0}.Release|Any CPU.ActiveCfg = Release|Any CPU
		{3F35C011-D427-4E5C-9DE3-3A468EC490A0}.Release|Any CPU.Build.0 = Release|Any CPU
		{C30126A9-3262-4FF5-9136-8335FDDB3D9D}.Debug|Any CPU.ActiveCfg = Debug|Any CPU
		{C30126A9-3262-4FF5-9136-8335FDDB3D9D}.Debug|Any CPU.Build.0 = Debug|Any CPU
		{C30126A9-3262-4FF5-9136-8335FDDB3D9D}.Release|Any CPU.ActiveCfg = Release|Any CPU
		{C30126A9-3262-4FF5-9136-8335FDDB3D9D}.Release|Any CPU.Build.0 = Release|Any CPU
		{C0B5A411-E910-425E-B72A-A07FF6D990E8}.Debug|Any CPU.ActiveCfg = Debug|Any CPU
		{C0B5A411-E910-425E-B72A-A07FF6D990E8}.Debug|Any CPU.Build.0 = Debug|Any CPU
		{C0B5A411-E910-425E-B72A-A07FF6D990E8}.Release|Any CPU.ActiveCfg = Release|Any CPU
		{C0B5A411-E910-425E-B72A-A07FF6D990E8}.Release|Any CPU.Build.0 = Release|Any CPU
		{6E3F565A-7DB8-4A5E-8339-451E24195D12}.Debug|Any CPU.ActiveCfg = Debug|Any CPU
		{6E3F565A-7DB8-4A5E-8339-451E24195D12}.Debug|Any CPU.Build.0 = Debug|Any CPU
		{6E3F565A-7DB8-4A5E-8339-451E24195D12}.Release|Any CPU.ActiveCfg = Release|Any CPU
		{6E3F565A-7DB8-4A5E-8339-451E24195D12}.Release|Any CPU.Build.0 = Release|Any CPU
	EndGlobalSection
	GlobalSection(NestedProjects) = preSolution
		{9ADB8843-2E9A-42C4-A115-9D1DAA9269EE} = {08C74B59-8FA6-4E67-8142-B00229831B64}
		{FD3869C7-E5E6-4795-8914-8AD85426072E} = {08C74B59-8FA6-4E67-8142-B00229831B64}
		{3F35C011-D427-4E5C-9DE3-3A468EC490A0} = {08C74B59-8FA6-4E67-8142-B00229831B64}
		{8A6DB037-B157-4100-A011-A719ED0BACB9} = {08C74B59-8FA6-4E67-8142-B00229831B64}
		{C30126A9-3262-4FF5-9136-8335FDDB3D9D} = {8A6DB037-B157-4100-A011-A719ED0BACB9}
		{C0B5A411-E910-425E-B72A-A07FF6D990E8} = {1C5A7B8D-874B-4CE1-8330-2BDDCB4026E3}
		{6E3F565A-7DB8-4A5E-8339-451E24195D12} = {1C5A7B8D-874B-4CE1-8330-2BDDCB4026E3}
	EndGlobalSection
EndGlobal
